
Microsoft Visual Studio Solution File, Format Version 11.00
# Visual Studio 2010
Project("{FAE04EC0-301F-11D3-BF4B-00C04F79EFBC}") = "Assembly-CSharp", "Assembly-CSharp.csproj", "{F94A1657-BB78-441C-439B-EC775190C68D}"
EndProject
Project("{FAE04EC0-301F-11D3-BF4B-00C04F79EFBC}") = "Assembly-CSharp-Editor", "Assembly-CSharp-Editor.csproj", "{53AB3458-5663-A8AF-92A5-C459B8486893}"
EndProject
Global
	GlobalSection(SolutionConfigurationPlatforms) = preSolution
		Debug|Any CPU = Debug|Any CPU
		Release|Any CPU = Release|Any CPU
	EndGlobalSection
	GlobalSection(ProjectConfigurationPlatforms) = postSolution
		{F94A1657-BB78-441C-439B-EC775190C68D}.Debug|Any CPU.ActiveCfg = Debug|Any CPU
		{F94A1657-BB78-441C-439B-EC775190C68D}.Debug|Any CPU.Build.0 = Debug|Any CPU
		{F94A1657-BB78-441C-439B-EC775190C68D}.Release|Any CPU.ActiveCfg = Release|Any CPU
		{F94A1657-BB78-441C-439B-EC775190C68D}.Release|Any CPU.Build.0 = Release|Any CPU
		{53AB3458-5663-A8AF-92A5-C459B8486893}.Debug|Any CPU.ActiveCfg = Debug|Any CPU
		{53AB3458-5663-A8AF-92A5-C459B8486893}.Debug|Any CPU.Build.0 = Debug|Any CPU
		{53AB3458-5663-A8AF-92A5-C459B8486893}.Release|Any CPU.ActiveCfg = Release|Any CPU
		{53AB3458-5663-A8AF-92A5-C459B8486893}.Release|Any CPU.Build.0 = Release|Any CPU
	EndGlobalSection
	GlobalSection(SolutionProperties) = preSolution
		HideSolutionNode = FALSE
	EndGlobalSection
EndGlobal
